
Microsoft Visual Studio Solution File, Format Version 12.00
# Visual Studio Version 16
VisualStudioVersion = 16.0.30804.86
MinimumVisualStudioVersion = 10.0.40219.1
Project("{8BC9CEB8-8B4A-11D0-8D11-00A0C91BC942}") = "algorithm_test", "algorithm_test\algorithm_test.vcxproj", "{9AD186D2-C8BF-4223-A950-6868D0A9C1FB}"
EndProject
Project("{8BC9CEB8-8B4A-11D0-8D11-00A0C91BC942}") = "leet_code_01", "leet_code_01\leet_code_01.vcxproj", "{57CE638B-D3A3-4C48-8258-1A99B6E16245}"
EndProject
Project("{8BC9CEB8-8B4A-11D0-8D11-00A0C91BC942}") = "algorithm", "algorithm\algorithm.vcxproj", "{B85DC8DA-47D2-44A7-B88D-743FDB200DE8}"
EndProject
Project("{2150E333-8FDC-42A3-9474-1A3956D46DE8}") = "practice", "practice", "{E314964B-B93E-406C-88B7-0058A1CD0AD2}"
EndProject
Project("{2150E333-8FDC-42A3-9474-1A3956D46DE8}") = "leetcode", "leetcode", "{3441E660-B245-454C-8C10-2C49922C173F}"
EndProject
Project("{2150E333-8FDC-42A3-9474-1A3956D46DE8}") = "educative", "educative", "{DE4DDB7D-3A73-4E39-B29E-38B425A69846}"
EndProject
Project("{8BC9CEB8-8B4A-11D0-8D11-00A0C91BC942}") = "grokking_01", "grokking_01\grokking_01.vcxproj", "{0BE31005-D134-46E4-A8C7-221103B56C51}"
EndProject
Project("{8BC9CEB8-8B4A-11D0-8D11-00A0C91BC942}") = "data_struct_cpp_01", "data_struct_cpp_01\data_struct_cpp_01.vcxproj", "{B3B2CF80-8320-4FD2-85AA-1A731F405B80}"
EndProject
Project("{8BC9CEB8-8B4A-11D0-8D11-00A0C91BC942}") = "data_struct_cpp_02", "data_struct_cpp_02\data_struct_cpp_02.vcxproj", "{3B4CDE89-CCAB-4A8B-8FE1-59143350BE69}"
EndProject
Project("{8BC9CEB8-8B4A-11D0-8D11-00A0C91BC942}") = "data_struct_cpp_03", "data_struct_cpp_03\data_struct_cpp_03.vcxproj", "{010B84B8-DECF-4A2E-9FCA-1657928B57B9}"
EndProject
Project("{8BC9CEB8-8B4A-11D0-8D11-00A0C91BC942}") = "data_struct_cpp_04", "data_struct_cpp_04\data_struct_cpp_04.vcxproj", "{321FAD09-1BD6-4287-8202-9CB31174A4DF}"
EndProject
Project("{2150E333-8FDC-42A3-9474-1A3956D46DE8}") = "book", "book", "{A7171425-6D13-44EC-9BF1-5BD6088A3D8B}"
EndProject
Project("{8BC9CEB8-8B4A-11D0-8D11-00A0C91BC942}") = "algorithm_4th_01", "algorithm_4th_01\algorithm_4th_01.vcxproj", "{A664C2DD-FC79-43F3-A1BA-9BF63198D381}"
EndProject
Project("{8BC9CEB8-8B4A-11D0-8D11-00A0C91BC942}") = "sword_to_offer_01", "sword_to_offer_01\sword_to_offer_01.vcxproj", "{F6FB8667-9A06-4D53-A77E-7D9B1D1A41A9}"
EndProject
Project("{8BC9CEB8-8B4A-11D0-8D11-00A0C91BC942}") = "data_struct_cpp_05", "data_struct_cpp_05\data_struct_cpp_05.vcxproj", "{DCB7A95C-C910-42F2-B1A4-4F638600DF46}"
EndProject
Project("{8BC9CEB8-8B4A-11D0-8D11-00A0C91BC942}") = "data_struct_cpp_06", "data_struct_cpp_06\data_struct_cpp_06.vcxproj", "{9ED27062-08B3-4DDB-8044-A2A5562EEEC2}"
EndProject
Project("{8BC9CEB8-8B4A-11D0-8D11-00A0C91BC942}") = "data_struct_cpp_07", "data_struct_cpp_07\data_struct_cpp_07.vcxproj", "{F65F1797-81D5-4AA4-BAEA-99F854D0E77F}"
EndProject
Project("{8BC9CEB8-8B4A-11D0-8D11-00A0C91BC942}") = "data_struct_cpp_08", "data_struct_cpp_08\data_struct_cpp_08.vcxproj", "{C260872D-054E-4FEB-9DB9-D8EBDF0C54D0}"
EndProject
Global
	GlobalSection(SolutionConfigurationPlatforms) = preSolution
		Debug|x64 = Debug|x64
		Debug|x86 = Debug|x86
		Release|x64 = Release|x64
		Release|x86 = Release|x86
	EndGlobalSection
	GlobalSection(ProjectConfigurationPlatforms) = postSolution
		{9AD186D2-C8BF-4223-A950-6868D0A9C1FB}.Debug|x64.ActiveCfg = Debug|x64
		{9AD186D2-C8BF-4223-A950-6868D0A9C1FB}.Debug|x64.Build.0 = Debug|x64
		{9AD186D2-C8BF-4223-A950-6868D0A9C1FB}.Debug|x86.ActiveCfg = Debug|Win32
		{9AD186D2-C8BF-4223-A950-6868D0A9C1FB}.Debug|x86.Build.0 = Debug|Win32
		{9AD186D2-C8BF-4223-A950-6868D0A9C1FB}.Release|x64.ActiveCfg = Release|x64
		{9AD186D2-C8BF-4223-A950-6868D0A9C1FB}.Release|x64.Build.0 = Release|x64
		{9AD186D2-C8BF-4223-A950-6868D0A9C1FB}.Release|x86.ActiveCfg = Release|Win32
		{9AD186D2-C8BF-4223-A950-6868D0A9C1FB}.Release|x86.Build.0 = Release|Win32
		{57CE638B-D3A3-4C48-8258-1A99B6E16245}.Debug|x64.ActiveCfg = Debug|x64
		{57CE638B-D3A3-4C48-8258-1A99B6E16245}.Debug|x64.Build.0 = Debug|x64
		{57CE638B-D3A3-4C48-8258-1A99B6E16245}.Debug|x86.ActiveCfg = Debug|Win32
		{57CE638B-D3A3-4C48-8258-1A99B6E16245}.Debug|x86.Build.0 = Debug|Win32
		{57CE638B-D3A3-4C48-8258-1A99B6E16245}.Release|x64.ActiveCfg = Release|x64
		{57CE638B-D3A3-4C48-8258-1A99B6E16245}.Release|x64.Build.0 = Release|x64
		{57CE638B-D3A3-4C48-8258-1A99B6E16245}.Release|x86.ActiveCfg = Release|Win32
		{57CE638B-D3A3-4C48-8258-1A99B6E16245}.Release|x86.Build.0 = Release|Win32
		{B85DC8DA-47D2-44A7-B88D-743FDB200DE8}.Debug|x64.ActiveCfg = Debug|x64
		{B85DC8DA-47D2-44A7-B88D-743FDB200DE8}.Debug|x64.Build.0 = Debug|x64
		{B85DC8DA-47D2-44A7-B88D-743FDB200DE8}.Debug|x86.ActiveCfg = Debug|Win32
		{B85DC8DA-47D2-44A7-B88D-743FDB200DE8}.Debug|x86.Build.0 = Debug|Win32
		{B85DC8DA-47D2-44A7-B88D-743FDB200DE8}.Release|x64.ActiveCfg = Release|x64
		{B85DC8DA-47D2-44A7-B88D-743FDB200DE8}.Release|x64.Build.0 = Release|x64
		{B85DC8DA-47D2-44A7-B88D-743FDB200DE8}.Release|x86.ActiveCfg = Release|Win32
		{B85DC8DA-47D2-44A7-B88D-743FDB200DE8}.Release|x86.Build.0 = Release|Win32
		{0BE31005-D134-46E4-A8C7-221103B56C51}.Debug|x64.ActiveCfg = Debug|x64
		{0BE31005-D134-46E4-A8C7-221103B56C51}.Debug|x64.Build.0 = Debug|x64
		{0BE31005-D134-46E4-A8C7-221103B56C51}.Debug|x86.ActiveCfg = Debug|Win32
		{0BE31005-D134-46E4-A8C7-221103B56C51}.Debug|x86.Build.0 = Debug|Win32
		{0BE31005-D134-46E4-A8C7-221103B56C51}.Release|x64.ActiveCfg = Release|x64
		{0BE31005-D134-46E4-A8C7-221103B56C51}.Release|x64.Build.0 = Release|x64
		{0BE31005-D134-46E4-A8C7-221103B56C51}.Release|x86.ActiveCfg = Release|Win32
		{0BE31005-D134-46E4-A8C7-221103B56C51}.Release|x86.Build.0 = Release|Win32
		{B3B2CF80-8320-4FD2-85AA-1A731F405B80}.Debug|x64.ActiveCfg = Debug|x64
		{B3B2CF80-8320-4FD2-85AA-1A731F405B80}.Debug|x64.Build.0 = Debug|x64
		{B3B2CF80-8320-4FD2-85AA-1A731F405B80}.Debug|x86.ActiveCfg = Debug|Win32
		{B3B2CF80-8320-4FD2-85AA-1A731F405B80}.Debug|x86.Build.0 = Debug|Win32
		{B3B2CF80-8320-4FD2-85AA-1A731F405B80}.Release|x64.ActiveCfg = Release|x64
		{B3B2CF80-8320-4FD2-85AA-1A731F405B80}.Release|x64.Build.0 = Release|x64
		{B3B2CF80-8320-4FD2-85AA-1A731F405B80}.Release|x86.ActiveCfg = Release|Win32
		{B3B2CF80-8320-4FD2-85AA-1A731F405B80}.Release|x86.Build.0 = Release|Win32
		{3B4CDE89-CCAB-4A8B-8FE1-59143350BE69}.Debug|x64.ActiveCfg = Debug|x64
		{3B4CDE89-CCAB-4A8B-8FE1-59143350BE69}.Debug|x64.Build.0 = Debug|x64
		{3B4CDE89-CCAB-4A8B-8FE1-59143350BE69}.Debug|x86.ActiveCfg = Debug|Win32
		{3B4CDE89-CCAB-4A8B-8FE1-59143350BE69}.Debug|x86.Build.0 = Debug|Win32
		{3B4CDE89-CCAB-4A8B-8FE1-59143350BE69}.Release|x64.ActiveCfg = Release|x64
		{3B4CDE89-CCAB-4A8B-8FE1-59143350BE69}.Release|x64.Build.0 = Release|x64
		{3B4CDE89-CCAB-4A8B-8FE1-59143350BE69}.Release|x86.ActiveCfg = Release|Win32
		{3B4CDE89-CCAB-4A8B-8FE1-59143350BE69}.Release|x86.Build.0 = Release|Win32
		{010B84B8-DECF-4A2E-9FCA-1657928B57B9}.Debug|x64.ActiveCfg = Debug|x64
		{010B84B8-DECF-4A2E-9FCA-1657928B57B9}.Debug|x64.Build.0 = Debug|x64
		{010B84B8-DECF-4A2E-9FCA-1657928B57B9}.Debug|x86.ActiveCfg = Debug|Win32
		{010B84B8-DECF-4A2E-9FCA-1657928B57B9}.Debug|x86.Build.0 = Debug|Win32
		{010B84B8-DECF-4A2E-9FCA-1657928B57B9}.Release|x64.ActiveCfg = Release|x64
		{010B84B8-DECF-4A2E-9FCA-1657928B57B9}.Release|x64.Build.0 = Release|x64
		{010B84B8-DECF-4A2E-9FCA-1657928B57B9}.Release|x86.ActiveCfg = Release|Win32
		{010B84B8-DECF-4A2E-9FCA-1657928B57B9}.Release|x86.Build.0 = Release|Win32
		{321FAD09-1BD6-4287-8202-9CB31174A4DF}.Debug|x64.ActiveCfg = Debug|x64
		{321FAD09-1BD6-4287-8202-9CB31174A4DF}.Debug|x64.Build.0 = Debug|x64
		{321FAD09-1BD6-4287-8202-9CB31174A4DF}.Debug|x86.ActiveCfg = Debug|Win32
		{321FAD09-1BD6-4287-8202-9CB31174A4DF}.Debug|x86.Build.0 = Debug|Win32
		{321FAD09-1BD6-4287-8202-9CB31174A4DF}.Release|x64.ActiveCfg = Release|x64
		{321FAD09-1BD6-4287-8202-9CB31174A4DF}.Release|x64.Build.0 = Release|x64
		{321FAD09-1BD6-4287-8202-9CB31174A4DF}.Release|x86.ActiveCfg = Release|Win32
		{321FAD09-1BD6-4287-8202-9CB31174A4DF}.Release|x86.Build.0 = Release|Win32
		{A664C2DD-FC79-43F3-A1BA-9BF63198D381}.Debug|x64.ActiveCfg = Debug|x64
		{A664C2DD-FC79-43F3-A1BA-9BF63198D381}.Debug|x64.Build.0 = Debug|x64
		{A664C2DD-FC79-43F3-A1BA-9BF63198D381}.Debug|x86.ActiveCfg = Debug|Win32
		{A664C2DD-FC79-43F3-A1BA-9BF63198D381}.Debug|x86.Build.0 = Debug|Win32
		{A664C2DD-FC79-43F3-A1BA-9BF63198D381}.Release|x64.ActiveCfg = Release|x64
		{A664C2DD-FC79-43F3-A1BA-9BF63198D381}.Release|x64.Build.0 = Release|x64
		{A664C2DD-FC79-43F3-A1BA-9BF63198D381}.Release|x86.ActiveCfg = Release|Win32
		{A664C2DD-FC79-43F3-A1BA-9BF63198D381}.Release|x86.Build.0 = Release|Win32
		{F6FB8667-9A06-4D53-A77E-7D9B1D1A41A9}.Debug|x64.ActiveCfg = Debug|x64
		{F6FB8667-9A06-4D53-A77E-7D9B1D1A41A9}.Debug|x64.Build.0 = Debug|x64
		{F6FB8667-9A06-4D53-A77E-7D9B1D1A41A9}.Debug|x86.ActiveCfg = Debug|Win32
		{F6FB8667-9A06-4D53-A77E-7D9B1D1A41A9}.Debug|x86.Build.0 = Debug|Win32
		{F6FB8667-9A06-4D53-A77E-7D9B1D1A41A9}.Release|x64.ActiveCfg = Release|x64
		{F6FB8667-9A06-4D53-A77E-7D9B1D1A41A9}.Release|x64.Build.0 = Release|x64
		{F6FB8667-9A06-4D53-A77E-7D9B1D1A41A9}.Release|x86.ActiveCfg = Release|Win32
		{F6FB8667-9A06-4D53-A77E-7D9B1D1A41A9}.Release|x86.Build.0 = Release|Win32
		{DCB7A95C-C910-42F2-B1A4-4F638600DF46}.Debug|x64.ActiveCfg = Debug|x64
		{DCB7A95C-C910-42F2-B1A4-4F638600DF46}.Debug|x64.Build.0 = Debug|x64
		{DCB7A95C-C910-42F2-B1A4-4F638600DF46}.Debug|x86.ActiveCfg = Debug|Win32
		{DCB7A95C-C910-42F2-B1A4-4F638600DF46}.Debug|x86.Build.0 = Debug|Win32
		{DCB7A95C-C910-42F2-B1A4-4F638600DF46}.Release|x64.ActiveCfg = Release|x64
		{DCB7A95C-C910-42F2-B1A4-4F638600DF46}.Release|x64.Build.0 = Release|x64
		{DCB7A95C-C910-42F2-B1A4-4F638600DF46}.Release|x86.ActiveCfg = Release|Win32
		{DCB7A95C-C910-42F2-B1A4-4F638600DF46}.Release|x86.Build.0 = Release|Win32
		{9ED27062-08B3-4DDB-8044-A2A5562EEEC2}.Debug|x64.ActiveCfg = Debug|x64
		{9ED27062-08B3-4DDB-8044-A2A5562EEEC2}.Debug|x64.Build.0 = Debug|x64
		{9ED27062-08B3-4DDB-8044-A2A5562EEEC2}.Debug|x86.ActiveCfg = Debug|Win32
		{9ED27062-08B3-4DDB-8044-A2A5562EEEC2}.Debug|x86.Build.0 = Debug|Win32
		{9ED27062-08B3-4DDB-8044-A2A5562EEEC2}.Release|x64.ActiveCfg = Release|x64
		{9ED27062-08B3-4DDB-8044-A2A5562EEEC2}.Release|x64.Build.0 = Release|x64
		{9ED27062-08B3-4DDB-8044-A2A5562EEEC2}.Release|x86.ActiveCfg = Release|Win32
		{9ED27062-08B3-4DDB-8044-A2A5562EEEC2}.Release|x86.Build.0 = Release|Win32
		{F65F1797-81D5-4AA4-BAEA-99F854D0E77F}.Debug|x64.ActiveCfg = Debug|x64
		{F65F1797-81D5-4AA4-BAEA-99F854D0E77F}.Debug|x64.Build.0 = Debug|x64
		{F65F1797-81D5-4AA4-BAEA-99F854D0E77F}.Debug|x86.ActiveCfg = Debug|Win32
		{F65F1797-81D5-4AA4-BAEA-99F854D0E77F}.Debug|x86.Build.0 = Debug|Win32
		{F65F1797-81D5-4AA4-BAEA-99F854D0E77F}.Release|x64.ActiveCfg = Release|x64
		{F65F1797-81D5-4AA4-BAEA-99F854D0E77F}.Release|x64.Build.0 = Release|x64
		{F65F1797-81D5-4AA4-BAEA-99F854D0E77F}.Release|x86.ActiveCfg = Release|Win32
		{F65F1797-81D5-4AA4-BAEA-99F854D0E77F}.Release|x86.Build.0 = Release|Win32
		{C260872D-054E-4FEB-9DB9-D8EBDF0C54D0}.Debug|x64.ActiveCfg = Debug|x64
		{C260872D-054E-4FEB-9DB9-D8EBDF0C54D0}.Debug|x64.Build.0 = Debug|x64
		{C260872D-054E-4FEB-9DB9-D8EBDF0C54D0}.Debug|x86.ActiveCfg = Debug|Win32
		{C260872D-054E-4FEB-9DB9-D8EBDF0C54D0}.Debug|x86.Build.0 = Debug|Win32
		{C260872D-054E-4FEB-9DB9-D8EBDF0C54D0}.Release|x64.ActiveCfg = Release|x64
		{C260872D-054E-4FEB-9DB9-D8EBDF0C54D0}.Release|x64.Build.0 = Release|x64
		{C260872D-054E-4FEB-9DB9-D8EBDF0C54D0}.Release|x86.ActiveCfg = Release|Win32
		{C260872D-054E-4FEB-9DB9-D8EBDF0C54D0}.Release|x86.Build.0 = Release|Win32
	EndGlobalSection
	GlobalSection(SolutionProperties) = preSolution
		HideSolutionNode = FALSE
	EndGlobalSection
	GlobalSection(NestedProjects) = preSolution
		{9AD186D2-C8BF-4223-A950-6868D0A9C1FB} = {E314964B-B93E-406C-88B7-0058A1CD0AD2}
		{57CE638B-D3A3-4C48-8258-1A99B6E16245} = {3441E660-B245-454C-8C10-2C49922C173F}
		{0BE31005-D134-46E4-A8C7-221103B56C51} = {DE4DDB7D-3A73-4E39-B29E-38B425A69846}
		{B3B2CF80-8320-4FD2-85AA-1A731F405B80} = {DE4DDB7D-3A73-4E39-B29E-38B425A69846}
		{3B4CDE89-CCAB-4A8B-8FE1-59143350BE69} = {DE4DDB7D-3A73-4E39-B29E-38B425A69846}
		{010B84B8-DECF-4A2E-9FCA-1657928B57B9} = {DE4DDB7D-3A73-4E39-B29E-38B425A69846}
		{321FAD09-1BD6-4287-8202-9CB31174A4DF} = {DE4DDB7D-3A73-4E39-B29E-38B425A69846}
		{A664C2DD-FC79-43F3-A1BA-9BF63198D381} = {A7171425-6D13-44EC-9BF1-5BD6088A3D8B}
		{F6FB8667-9A06-4D53-A77E-7D9B1D1A41A9} = {A7171425-6D13-44EC-9BF1-5BD6088A3D8B}
		{DCB7A95C-C910-42F2-B1A4-4F638600DF46} = {DE4DDB7D-3A73-4E39-B29E-38B425A69846}
		{9ED27062-08B3-4DDB-8044-A2A5562EEEC2} = {DE4DDB7D-3A73-4E39-B29E-38B425A69846}
		{F65F1797-81D5-4AA4-BAEA-99F854D0E77F} = {DE4DDB7D-3A73-4E39-B29E-38B425A69846}
		{C260872D-054E-4FEB-9DB9-D8EBDF0C54D0} = {DE4DDB7D-3A73-4E39-B29E-38B425A69846}
	EndGlobalSection
	GlobalSection(ExtensibilityGlobals) = postSolution
		SolutionGuid = {C268B8F3-3579-487E-852E-000EEF225BF5}
	EndGlobalSection
EndGlobal
