
Microsoft Visual Studio Solution File, Format Version 12.00
# Visual Studio Version 16
VisualStudioVersion = 16.0.30804.86
MinimumVisualStudioVersion = 10.0.40219.1
Project("{8BC9CEB8-8B4A-11D0-8D11-00A0C91BC942}") = "algorithm_test", "algorithm_test\algorithm_test.vcxproj", "{9AD186D2-C8BF-4223-A950-6868D0A9C1FB}"
EndProject
Project("{8BC9CEB8-8B4A-11D0-8D11-00A0C91BC942}") = "leet_code_01", "leet_code_01\leet_code_01.vcxproj", "{57CE638B-D3A3-4C48-8258-1A99B6E16245}"
EndProject
Project("{8BC9CEB8-8B4A-11D0-8D11-00A0C91BC942}") = "algorithm", "algorithm\algorithm.vcxproj", "{B85DC8DA-47D2-44A7-B88D-743FDB200DE8}"
EndProject
Project("{2150E333-8FDC-42A3-9474-1A3956D46DE8}") = "practice", "practice", "{E314964B-B93E-406C-88B7-0058A1CD0AD2}"
EndProject
Project("{2150E333-8FDC-42A3-9474-1A3956D46DE8}") = "leetcode", "leetcode", "{3441E660-B245-454C-8C10-2C49922C173F}"
EndProject
Project("{2150E333-8FDC-42A3-9474-1A3956D46DE8}") = "educative", "educative", "{DE4DDB7D-3A73-4E39-B29E-38B425A69846}"
EndProject
Project("{8BC9CEB8-8B4A-11D0-8D11-00A0C91BC942}") = "grokking_01", "grokking_01\grokking_01.vcxproj", "{0BE31005-D134-46E4-A8C7-221103B56C51}"
EndProject
Project("{8BC9CEB8-8B4A-11D0-8D11-00A0C91BC942}") = "data_struct_cpp_01", "data_struct_cpp_01\data_struct_cpp_01.vcxproj", "{B3B2CF80-8320-4FD2-85AA-1A731F405B80}"
EndProject
Project("{8BC9CEB8-8B4A-11D0-8D11-00A0C91BC942}") = "data_struct_cpp_02", "data_struct_cpp_02\data_struct_cpp_02.vcxproj", "{3B4CDE89-CCAB-4A8B-8FE1-59143350BE69}"
EndProject
Project("{8BC9CEB8-8B4A-11D0-8D11-00A0C91BC942}") = "data_struct_cpp_03", "data_struct_cpp_03\data_struct_cpp_03.vcxproj", "{010B84B8-DECF-4A2E-9FCA-1657928B57B9}"
EndProject
Project("{8BC9CEB8-8B4A-11D0-8D11-00A0C91BC942}") = "data_struct_cpp_04", "data_struct_cpp_04\data_struct_cpp_04.vcxproj", "{321FAD09-1BD6-4287-8202-9CB31174A4DF}"
EndProject
Project("{2150E333-8FDC-42A3-9474-1A3956D46DE8}") = "algorithm_4th", "algorithm_4th", "{A7171425-6D13-44EC-9BF1-5BD6088A3D8B}"
EndProject
Project("{8BC9CEB8-8B4A-11D0-8D11-00A0C91BC942}") = "algorithm_4th_01", "algorithm_4th_01\algorithm_4th_01.vcxproj", "{A664C2DD-FC79-43F3-A1BA-9BF63198D381}"
EndProject
Project("{8BC9CEB8-8B4A-11D0-8D11-00A0C91BC942}") = "sword_to_offer_01", "sword_to_offer_01\sword_to_offer_01.vcxproj", "{F6FB8667-9A06-4D53-A77E-7D9B1D1A41A9}"
EndProject
Project("{8BC9CEB8-8B4A-11D0-8D11-00A0C91BC942}") = "data_struct_cpp_05", "data_struct_cpp_05\data_struct_cpp_05.vcxproj", "{DCB7A95C-C910-42F2-B1A4-4F638600DF46}"
EndProject
Project("{8BC9CEB8-8B4A-11D0-8D11-00A0C91BC942}") = "data_struct_cpp_06", "data_struct_cpp_06\data_struct_cpp_06.vcxproj", "{9ED27062-08B3-4DDB-8044-A2A5562EEEC2}"
EndProject
Project("{8BC9CEB8-8B4A-11D0-8D11-00A0C91BC942}") = "data_struct_cpp_07", "data_struct_cpp_07\data_struct_cpp_07.vcxproj", "{F65F1797-81D5-4AA4-BAEA-99F854D0E77F}"
EndProject
Project("{8BC9CEB8-8B4A-11D0-8D11-00A0C91BC942}") = "data_struct_cpp_08", "data_struct_cpp_08\data_struct_cpp_08.vcxproj", "{C260872D-054E-4FEB-9DB9-D8EBDF0C54D0}"
EndProject
Project("{8BC9CEB8-8B4A-11D0-8D11-00A0C91BC942}") = "data_struct_cpp_09", "data_struct_cpp_09\data_struct_cpp_09.vcxproj", "{C4DAD180-984C-49E0-8E30-1D9506560718}"
EndProject
Project("{8BC9CEB8-8B4A-11D0-8D11-00A0C91BC942}") = "labuladong_note_01", "labuladong_note_01\labuladong_note_01.vcxproj", "{B39B359C-E7C9-4C4D-8BCB-66A37DA9F723}"
EndProject
Project("{8BC9CEB8-8B4A-11D0-8D11-00A0C91BC942}") = "algorithm_4th_02", "algorithm_4th_02\algorithm_4th_02.vcxproj", "{88897917-A241-4FC9-B469-C23D9269450C}"
EndProject
Project("{8BC9CEB8-8B4A-11D0-8D11-00A0C91BC942}") = "explore_learn_arrays101", "explore_learn_arrays101\explore_learn_arrays101.vcxproj", "{39D8F580-1742-4C0B-8804-4BF47E6A8C4A}"
EndProject
Project("{8BC9CEB8-8B4A-11D0-8D11-00A0C91BC942}") = "explore_learn_linked_list", "explore_learn_linked_list\explore_learn_linked_list.vcxproj", "{54373289-7EFB-45EB-BA93-F5F634E26F58}"
EndProject
Project("{8BC9CEB8-8B4A-11D0-8D11-00A0C91BC942}") = "explore_learn_array_and_string", "explore_learn_array_and_string\explore_learn_array_and_string.vcxproj", "{64722784-6C9F-4087-BACC-1B755CC864E0}"
EndProject
Project("{8BC9CEB8-8B4A-11D0-8D11-00A0C91BC942}") = "explore_learn_queue_and_stack", "explore_learn_queue_and_stack\explore_learn_queue_and_stack.vcxproj", "{B74735E2-1415-4C29-987D-020D27DB0FF8}"
EndProject
Project("{8BC9CEB8-8B4A-11D0-8D11-00A0C91BC942}") = "explore_learn_binary_tree", "explore_learn_binary_tree\explore_learn_binary_tree.vcxproj", "{08FFC04A-3F0F-4BBD-BB75-43E189F4329B}"
EndProject
Project("{8BC9CEB8-8B4A-11D0-8D11-00A0C91BC942}") = "explore_learn_hash_table", "explore_learn_hash_table\explore_learn_hash_table.vcxproj", "{92266377-E175-4719-8240-57CEBAD02453}"
EndProject
Project("{8BC9CEB8-8B4A-11D0-8D11-00A0C91BC942}") = "explore_learn_bst", "explore_learn_bst\explore_learn_bst.vcxproj", "{29E667BF-FCF2-4E88-A67C-AFD959B0EA54}"
EndProject
Project("{2150E333-8FDC-42A3-9474-1A3956D46DE8}") = "sword_to_offer", "sword_to_offer", "{E224AB14-40E3-4CEB-A6D4-C0E1D3DAE103}"
EndProject
Project("{8BC9CEB8-8B4A-11D0-8D11-00A0C91BC942}") = "sword_to_offer_02", "sword_to_offer_02\sword_to_offer_02.vcxproj", "{A028FC9E-18FC-4858-BF74-9DAB8A16EB40}"
EndProject
Project("{2150E333-8FDC-42A3-9474-1A3956D46DE8}") = "geek_time", "geek_time", "{A884D726-69BD-46FD-82B5-B1F6195B43E6}"
EndProject
Project("{8BC9CEB8-8B4A-11D0-8D11-00A0C91BC942}") = "datastruct_and_algorithm_01", "datastruct_and_algorithm_01\datastruct_and_algorithm_01.vcxproj", "{994A6E98-EE36-46E3-BF11-7DA488C4B66D}"
EndProject
Project("{8BC9CEB8-8B4A-11D0-8D11-00A0C91BC942}") = "datastruct_and_algorithm_02", "datastruct_and_algorithm_02\datastruct_and_algorithm_02.vcxproj", "{86E586B5-A764-4EAF-8226-92FAA5113976}"
EndProject
Project("{8BC9CEB8-8B4A-11D0-8D11-00A0C91BC942}") = "algorithm_interview_01", "algorithm_interview_01\algorithm_interview_01.vcxproj", "{109DA47A-52FC-4D9E-9FC2-92D826908BC3}"
EndProject
Project("{8BC9CEB8-8B4A-11D0-8D11-00A0C91BC942}") = "datastruct_and_algorithm_03", "datastruct_and_algorithm_03\datastruct_and_algorithm_03.vcxproj", "{5EC69F76-FD37-4F69-997A-D1280A26D1D7}"
EndProject
Project("{8BC9CEB8-8B4A-11D0-8D11-00A0C91BC942}") = "datastruct_and_algorithm_04", "datastruct_and_algorithm_04\datastruct_and_algorithm_04.vcxproj", "{86ED2EE7-FE31-4637-B2AB-689C85EB148D}"
EndProject
Project("{8BC9CEB8-8B4A-11D0-8D11-00A0C91BC942}") = "datastruct_and_algorithm_05", "datastruct_and_algorithm_05\datastruct_and_algorithm_05.vcxproj", "{5D47BBF9-1A69-4C0F-9706-897304CCFB70}"
EndProject
Project("{2150E333-8FDC-42A3-9474-1A3956D46DE8}") = "code_caprice", "code_caprice", "{C8DE243D-EB83-490E-BFCF-B9DFC054677B}"
EndProject
Project("{8BC9CEB8-8B4A-11D0-8D11-00A0C91BC942}") = "code_caprice_01", "code_caprice_01\code_caprice_01.vcxproj", "{16AF85C3-E2DE-4C72-A020-9E6744C0DA15}"
EndProject
Project("{2150E333-8FDC-42A3-9474-1A3956D46DE8}") = "leetcode101_cpp", "leetcode101_cpp", "{B9AC274D-7BA4-4225-83EF-A434F5CCE030}"
EndProject
Project("{8BC9CEB8-8B4A-11D0-8D11-00A0C91BC942}") = "leetcode101_cpp_01", "leetcode101_cpp_01\leetcode101_cpp_01.vcxproj", "{71229400-5BCD-4D9D-9CB3-9DCB4EDD1063}"
EndProject
Project("{8BC9CEB8-8B4A-11D0-8D11-00A0C91BC942}") = "grokking_02", "grokking_02\grokking_02.vcxproj", "{21AF79D1-5A7F-4F30-A589-703E81386EDD}"
EndProject
Project("{8BC9CEB8-8B4A-11D0-8D11-00A0C91BC942}") = "grokking_03", "grokking_03\grokking_03.vcxproj", "{48C114D8-FD4E-49E9-B803-3D67D853D8BE}"
EndProject
Project("{8BC9CEB8-8B4A-11D0-8D11-00A0C91BC942}") = "grokking_04", "grokking_04\grokking_04.vcxproj", "{E1E98C12-794F-489C-BAC5-FB8849FD7624}"
EndProject
Global
	GlobalSection(SolutionConfigurationPlatforms) = preSolution
		Debug|x64 = Debug|x64
		Debug|x86 = Debug|x86
		Release|x64 = Release|x64
		Release|x86 = Release|x86
	EndGlobalSection
	GlobalSection(ProjectConfigurationPlatforms) = postSolution
		{9AD186D2-C8BF-4223-A950-6868D0A9C1FB}.Debug|x64.ActiveCfg = Debug|x64
		{9AD186D2-C8BF-4223-A950-6868D0A9C1FB}.Debug|x64.Build.0 = Debug|x64
		{9AD186D2-C8BF-4223-A950-6868D0A9C1FB}.Debug|x86.ActiveCfg = Debug|Win32
		{9AD186D2-C8BF-4223-A950-6868D0A9C1FB}.Debug|x86.Build.0 = Debug|Win32
		{9AD186D2-C8BF-4223-A950-6868D0A9C1FB}.Release|x64.ActiveCfg = Release|x64
		{9AD186D2-C8BF-4223-A950-6868D0A9C1FB}.Release|x64.Build.0 = Release|x64
		{9AD186D2-C8BF-4223-A950-6868D0A9C1FB}.Release|x86.ActiveCfg = Release|Win32
		{9AD186D2-C8BF-4223-A950-6868D0A9C1FB}.Release|x86.Build.0 = Release|Win32
		{57CE638B-D3A3-4C48-8258-1A99B6E16245}.Debug|x64.ActiveCfg = Debug|x64
		{57CE638B-D3A3-4C48-8258-1A99B6E16245}.Debug|x64.Build.0 = Debug|x64
		{57CE638B-D3A3-4C48-8258-1A99B6E16245}.Debug|x86.ActiveCfg = Debug|Win32
		{57CE638B-D3A3-4C48-8258-1A99B6E16245}.Debug|x86.Build.0 = Debug|Win32
		{57CE638B-D3A3-4C48-8258-1A99B6E16245}.Release|x64.ActiveCfg = Release|x64
		{57CE638B-D3A3-4C48-8258-1A99B6E16245}.Release|x64.Build.0 = Release|x64
		{57CE638B-D3A3-4C48-8258-1A99B6E16245}.Release|x86.ActiveCfg = Release|Win32
		{57CE638B-D3A3-4C48-8258-1A99B6E16245}.Release|x86.Build.0 = Release|Win32
		{B85DC8DA-47D2-44A7-B88D-743FDB200DE8}.Debug|x64.ActiveCfg = Debug|x64
		{B85DC8DA-47D2-44A7-B88D-743FDB200DE8}.Debug|x64.Build.0 = Debug|x64
		{B85DC8DA-47D2-44A7-B88D-743FDB200DE8}.Debug|x86.ActiveCfg = Debug|Win32
		{B85DC8DA-47D2-44A7-B88D-743FDB200DE8}.Debug|x86.Build.0 = Debug|Win32
		{B85DC8DA-47D2-44A7-B88D-743FDB200DE8}.Release|x64.ActiveCfg = Release|x64
		{B85DC8DA-47D2-44A7-B88D-743FDB200DE8}.Release|x64.Build.0 = Release|x64
		{B85DC8DA-47D2-44A7-B88D-743FDB200DE8}.Release|x86.ActiveCfg = Release|Win32
		{B85DC8DA-47D2-44A7-B88D-743FDB200DE8}.Release|x86.Build.0 = Release|Win32
		{0BE31005-D134-46E4-A8C7-221103B56C51}.Debug|x64.ActiveCfg = Debug|x64
		{0BE31005-D134-46E4-A8C7-221103B56C51}.Debug|x64.Build.0 = Debug|x64
		{0BE31005-D134-46E4-A8C7-221103B56C51}.Debug|x86.ActiveCfg = Debug|Win32
		{0BE31005-D134-46E4-A8C7-221103B56C51}.Debug|x86.Build.0 = Debug|Win32
		{0BE31005-D134-46E4-A8C7-221103B56C51}.Release|x64.ActiveCfg = Release|x64
		{0BE31005-D134-46E4-A8C7-221103B56C51}.Release|x64.Build.0 = Release|x64
		{0BE31005-D134-46E4-A8C7-221103B56C51}.Release|x86.ActiveCfg = Release|Win32
		{0BE31005-D134-46E4-A8C7-221103B56C51}.Release|x86.Build.0 = Release|Win32
		{B3B2CF80-8320-4FD2-85AA-1A731F405B80}.Debug|x64.ActiveCfg = Debug|x64
		{B3B2CF80-8320-4FD2-85AA-1A731F405B80}.Debug|x64.Build.0 = Debug|x64
		{B3B2CF80-8320-4FD2-85AA-1A731F405B80}.Debug|x86.ActiveCfg = Debug|Win32
		{B3B2CF80-8320-4FD2-85AA-1A731F405B80}.Debug|x86.Build.0 = Debug|Win32
		{B3B2CF80-8320-4FD2-85AA-1A731F405B80}.Release|x64.ActiveCfg = Release|x64
		{B3B2CF80-8320-4FD2-85AA-1A731F405B80}.Release|x64.Build.0 = Release|x64
		{B3B2CF80-8320-4FD2-85AA-1A731F405B80}.Release|x86.ActiveCfg = Release|Win32
		{B3B2CF80-8320-4FD2-85AA-1A731F405B80}.Release|x86.Build.0 = Release|Win32
		{3B4CDE89-CCAB-4A8B-8FE1-59143350BE69}.Debug|x64.ActiveCfg = Debug|x64
		{3B4CDE89-CCAB-4A8B-8FE1-59143350BE69}.Debug|x64.Build.0 = Debug|x64
		{3B4CDE89-CCAB-4A8B-8FE1-59143350BE69}.Debug|x86.ActiveCfg = Debug|Win32
		{3B4CDE89-CCAB-4A8B-8FE1-59143350BE69}.Debug|x86.Build.0 = Debug|Win32
		{3B4CDE89-CCAB-4A8B-8FE1-59143350BE69}.Release|x64.ActiveCfg = Release|x64
		{3B4CDE89-CCAB-4A8B-8FE1-59143350BE69}.Release|x64.Build.0 = Release|x64
		{3B4CDE89-CCAB-4A8B-8FE1-59143350BE69}.Release|x86.ActiveCfg = Release|Win32
		{3B4CDE89-CCAB-4A8B-8FE1-59143350BE69}.Release|x86.Build.0 = Release|Win32
		{010B84B8-DECF-4A2E-9FCA-1657928B57B9}.Debug|x64.ActiveCfg = Debug|x64
		{010B84B8-DECF-4A2E-9FCA-1657928B57B9}.Debug|x64.Build.0 = Debug|x64
		{010B84B8-DECF-4A2E-9FCA-1657928B57B9}.Debug|x86.ActiveCfg = Debug|Win32
		{010B84B8-DECF-4A2E-9FCA-1657928B57B9}.Debug|x86.Build.0 = Debug|Win32
		{010B84B8-DECF-4A2E-9FCA-1657928B57B9}.Release|x64.ActiveCfg = Release|x64
		{010B84B8-DECF-4A2E-9FCA-1657928B57B9}.Release|x64.Build.0 = Release|x64
		{010B84B8-DECF-4A2E-9FCA-1657928B57B9}.Release|x86.ActiveCfg = Release|Win32
		{010B84B8-DECF-4A2E-9FCA-1657928B57B9}.Release|x86.Build.0 = Release|Win32
		{321FAD09-1BD6-4287-8202-9CB31174A4DF}.Debug|x64.ActiveCfg = Debug|x64
		{321FAD09-1BD6-4287-8202-9CB31174A4DF}.Debug|x64.Build.0 = Debug|x64
		{321FAD09-1BD6-4287-8202-9CB31174A4DF}.Debug|x86.ActiveCfg = Debug|Win32
		{321FAD09-1BD6-4287-8202-9CB31174A4DF}.Debug|x86.Build.0 = Debug|Win32
		{321FAD09-1BD6-4287-8202-9CB31174A4DF}.Release|x64.ActiveCfg = Release|x64
		{321FAD09-1BD6-4287-8202-9CB31174A4DF}.Release|x64.Build.0 = Release|x64
		{321FAD09-1BD6-4287-8202-9CB31174A4DF}.Release|x86.ActiveCfg = Release|Win32
		{321FAD09-1BD6-4287-8202-9CB31174A4DF}.Release|x86.Build.0 = Release|Win32
		{A664C2DD-FC79-43F3-A1BA-9BF63198D381}.Debug|x64.ActiveCfg = Debug|x64
		{A664C2DD-FC79-43F3-A1BA-9BF63198D381}.Debug|x64.Build.0 = Debug|x64
		{A664C2DD-FC79-43F3-A1BA-9BF63198D381}.Debug|x86.ActiveCfg = Debug|Win32
		{A664C2DD-FC79-43F3-A1BA-9BF63198D381}.Debug|x86.Build.0 = Debug|Win32
		{A664C2DD-FC79-43F3-A1BA-9BF63198D381}.Release|x64.ActiveCfg = Release|x64
		{A664C2DD-FC79-43F3-A1BA-9BF63198D381}.Release|x64.Build.0 = Release|x64
		{A664C2DD-FC79-43F3-A1BA-9BF63198D381}.Release|x86.ActiveCfg = Release|Win32
		{A664C2DD-FC79-43F3-A1BA-9BF63198D381}.Release|x86.Build.0 = Release|Win32
		{F6FB8667-9A06-4D53-A77E-7D9B1D1A41A9}.Debug|x64.ActiveCfg = Debug|x64
		{F6FB8667-9A06-4D53-A77E-7D9B1D1A41A9}.Debug|x64.Build.0 = Debug|x64
		{F6FB8667-9A06-4D53-A77E-7D9B1D1A41A9}.Debug|x86.ActiveCfg = Debug|Win32
		{F6FB8667-9A06-4D53-A77E-7D9B1D1A41A9}.Debug|x86.Build.0 = Debug|Win32
		{F6FB8667-9A06-4D53-A77E-7D9B1D1A41A9}.Release|x64.ActiveCfg = Release|x64
		{F6FB8667-9A06-4D53-A77E-7D9B1D1A41A9}.Release|x64.Build.0 = Release|x64
		{F6FB8667-9A06-4D53-A77E-7D9B1D1A41A9}.Release|x86.ActiveCfg = Release|Win32
		{F6FB8667-9A06-4D53-A77E-7D9B1D1A41A9}.Release|x86.Build.0 = Release|Win32
		{DCB7A95C-C910-42F2-B1A4-4F638600DF46}.Debug|x64.ActiveCfg = Debug|x64
		{DCB7A95C-C910-42F2-B1A4-4F638600DF46}.Debug|x64.Build.0 = Debug|x64
		{DCB7A95C-C910-42F2-B1A4-4F638600DF46}.Debug|x86.ActiveCfg = Debug|Win32
		{DCB7A95C-C910-42F2-B1A4-4F638600DF46}.Debug|x86.Build.0 = Debug|Win32
		{DCB7A95C-C910-42F2-B1A4-4F638600DF46}.Release|x64.ActiveCfg = Release|x64
		{DCB7A95C-C910-42F2-B1A4-4F638600DF46}.Release|x64.Build.0 = Release|x64
		{DCB7A95C-C910-42F2-B1A4-4F638600DF46}.Release|x86.ActiveCfg = Release|Win32
		{DCB7A95C-C910-42F2-B1A4-4F638600DF46}.Release|x86.Build.0 = Release|Win32
		{9ED27062-08B3-4DDB-8044-A2A5562EEEC2}.Debug|x64.ActiveCfg = Debug|x64
		{9ED27062-08B3-4DDB-8044-A2A5562EEEC2}.Debug|x64.Build.0 = Debug|x64
		{9ED27062-08B3-4DDB-8044-A2A5562EEEC2}.Debug|x86.ActiveCfg = Debug|Win32
		{9ED27062-08B3-4DDB-8044-A2A5562EEEC2}.Debug|x86.Build.0 = Debug|Win32
		{9ED27062-08B3-4DDB-8044-A2A5562EEEC2}.Release|x64.ActiveCfg = Release|x64
		{9ED27062-08B3-4DDB-8044-A2A5562EEEC2}.Release|x64.Build.0 = Release|x64
		{9ED27062-08B3-4DDB-8044-A2A5562EEEC2}.Release|x86.ActiveCfg = Release|Win32
		{9ED27062-08B3-4DDB-8044-A2A5562EEEC2}.Release|x86.Build.0 = Release|Win32
		{F65F1797-81D5-4AA4-BAEA-99F854D0E77F}.Debug|x64.ActiveCfg = Debug|x64
		{F65F1797-81D5-4AA4-BAEA-99F854D0E77F}.Debug|x64.Build.0 = Debug|x64
		{F65F1797-81D5-4AA4-BAEA-99F854D0E77F}.Debug|x86.ActiveCfg = Debug|Win32
		{F65F1797-81D5-4AA4-BAEA-99F854D0E77F}.Debug|x86.Build.0 = Debug|Win32
		{F65F1797-81D5-4AA4-BAEA-99F854D0E77F}.Release|x64.ActiveCfg = Release|x64
		{F65F1797-81D5-4AA4-BAEA-99F854D0E77F}.Release|x64.Build.0 = Release|x64
		{F65F1797-81D5-4AA4-BAEA-99F854D0E77F}.Release|x86.ActiveCfg = Release|Win32
		{F65F1797-81D5-4AA4-BAEA-99F854D0E77F}.Release|x86.Build.0 = Release|Win32
		{C260872D-054E-4FEB-9DB9-D8EBDF0C54D0}.Debug|x64.ActiveCfg = Debug|x64
		{C260872D-054E-4FEB-9DB9-D8EBDF0C54D0}.Debug|x64.Build.0 = Debug|x64
		{C260872D-054E-4FEB-9DB9-D8EBDF0C54D0}.Debug|x86.ActiveCfg = Debug|Win32
		{C260872D-054E-4FEB-9DB9-D8EBDF0C54D0}.Debug|x86.Build.0 = Debug|Win32
		{C260872D-054E-4FEB-9DB9-D8EBDF0C54D0}.Release|x64.ActiveCfg = Release|x64
		{C260872D-054E-4FEB-9DB9-D8EBDF0C54D0}.Release|x64.Build.0 = Release|x64
		{C260872D-054E-4FEB-9DB9-D8EBDF0C54D0}.Release|x86.ActiveCfg = Release|Win32
		{C260872D-054E-4FEB-9DB9-D8EBDF0C54D0}.Release|x86.Build.0 = Release|Win32
		{C4DAD180-984C-49E0-8E30-1D9506560718}.Debug|x64.ActiveCfg = Debug|x64
		{C4DAD180-984C-49E0-8E30-1D9506560718}.Debug|x64.Build.0 = Debug|x64
		{C4DAD180-984C-49E0-8E30-1D9506560718}.Debug|x86.ActiveCfg = Debug|Win32
		{C4DAD180-984C-49E0-8E30-1D9506560718}.Debug|x86.Build.0 = Debug|Win32
		{C4DAD180-984C-49E0-8E30-1D9506560718}.Release|x64.ActiveCfg = Release|x64
		{C4DAD180-984C-49E0-8E30-1D9506560718}.Release|x64.Build.0 = Release|x64
		{C4DAD180-984C-49E0-8E30-1D9506560718}.Release|x86.ActiveCfg = Release|Win32
		{C4DAD180-984C-49E0-8E30-1D9506560718}.Release|x86.Build.0 = Release|Win32
		{B39B359C-E7C9-4C4D-8BCB-66A37DA9F723}.Debug|x64.ActiveCfg = Debug|x64
		{B39B359C-E7C9-4C4D-8BCB-66A37DA9F723}.Debug|x64.Build.0 = Debug|x64
		{B39B359C-E7C9-4C4D-8BCB-66A37DA9F723}.Debug|x86.ActiveCfg = Debug|Win32
		{B39B359C-E7C9-4C4D-8BCB-66A37DA9F723}.Debug|x86.Build.0 = Debug|Win32
		{B39B359C-E7C9-4C4D-8BCB-66A37DA9F723}.Release|x64.ActiveCfg = Release|x64
		{B39B359C-E7C9-4C4D-8BCB-66A37DA9F723}.Release|x64.Build.0 = Release|x64
		{B39B359C-E7C9-4C4D-8BCB-66A37DA9F723}.Release|x86.ActiveCfg = Release|Win32
		{B39B359C-E7C9-4C4D-8BCB-66A37DA9F723}.Release|x86.Build.0 = Release|Win32
		{88897917-A241-4FC9-B469-C23D9269450C}.Debug|x64.ActiveCfg = Debug|x64
		{88897917-A241-4FC9-B469-C23D9269450C}.Debug|x64.Build.0 = Debug|x64
		{88897917-A241-4FC9-B469-C23D9269450C}.Debug|x86.ActiveCfg = Debug|Win32
		{88897917-A241-4FC9-B469-C23D9269450C}.Debug|x86.Build.0 = Debug|Win32
		{88897917-A241-4FC9-B469-C23D9269450C}.Release|x64.ActiveCfg = Release|x64
		{88897917-A241-4FC9-B469-C23D9269450C}.Release|x64.Build.0 = Release|x64
		{88897917-A241-4FC9-B469-C23D9269450C}.Release|x86.ActiveCfg = Release|Win32
		{88897917-A241-4FC9-B469-C23D9269450C}.Release|x86.Build.0 = Release|Win32
		{39D8F580-1742-4C0B-8804-4BF47E6A8C4A}.Debug|x64.ActiveCfg = Debug|x64
		{39D8F580-1742-4C0B-8804-4BF47E6A8C4A}.Debug|x64.Build.0 = Debug|x64
		{39D8F580-1742-4C0B-8804-4BF47E6A8C4A}.Debug|x86.ActiveCfg = Debug|Win32
		{39D8F580-1742-4C0B-8804-4BF47E6A8C4A}.Debug|x86.Build.0 = Debug|Win32
		{39D8F580-1742-4C0B-8804-4BF47E6A8C4A}.Release|x64.ActiveCfg = Release|x64
		{39D8F580-1742-4C0B-8804-4BF47E6A8C4A}.Release|x64.Build.0 = Release|x64
		{39D8F580-1742-4C0B-8804-4BF47E6A8C4A}.Release|x86.ActiveCfg = Release|Win32
		{39D8F580-1742-4C0B-8804-4BF47E6A8C4A}.Release|x86.Build.0 = Release|Win32
		{54373289-7EFB-45EB-BA93-F5F634E26F58}.Debug|x64.ActiveCfg = Debug|x64
		{54373289-7EFB-45EB-BA93-F5F634E26F58}.Debug|x64.Build.0 = Debug|x64
		{54373289-7EFB-45EB-BA93-F5F634E26F58}.Debug|x86.ActiveCfg = Debug|Win32
		{54373289-7EFB-45EB-BA93-F5F634E26F58}.Debug|x86.Build.0 = Debug|Win32
		{54373289-7EFB-45EB-BA93-F5F634E26F58}.Release|x64.ActiveCfg = Release|x64
		{54373289-7EFB-45EB-BA93-F5F634E26F58}.Release|x64.Build.0 = Release|x64
		{54373289-7EFB-45EB-BA93-F5F634E26F58}.Release|x86.ActiveCfg = Release|Win32
		{54373289-7EFB-45EB-BA93-F5F634E26F58}.Release|x86.Build.0 = Release|Win32
		{64722784-6C9F-4087-BACC-1B755CC864E0}.Debug|x64.ActiveCfg = Debug|x64
		{64722784-6C9F-4087-BACC-1B755CC864E0}.Debug|x64.Build.0 = Debug|x64
		{64722784-6C9F-4087-BACC-1B755CC864E0}.Debug|x86.ActiveCfg = Debug|Win32
		{64722784-6C9F-4087-BACC-1B755CC864E0}.Debug|x86.Build.0 = Debug|Win32
		{64722784-6C9F-4087-BACC-1B755CC864E0}.Release|x64.ActiveCfg = Release|x64
		{64722784-6C9F-4087-BACC-1B755CC864E0}.Release|x64.Build.0 = Release|x64
		{64722784-6C9F-4087-BACC-1B755CC864E0}.Release|x86.ActiveCfg = Release|Win32
		{64722784-6C9F-4087-BACC-1B755CC864E0}.Release|x86.Build.0 = Release|Win32
		{B74735E2-1415-4C29-987D-020D27DB0FF8}.Debug|x64.ActiveCfg = Debug|x64
		{B74735E2-1415-4C29-987D-020D27DB0FF8}.Debug|x64.Build.0 = Debug|x64
		{B74735E2-1415-4C29-987D-020D27DB0FF8}.Debug|x86.ActiveCfg = Debug|Win32
		{B74735E2-1415-4C29-987D-020D27DB0FF8}.Debug|x86.Build.0 = Debug|Win32
		{B74735E2-1415-4C29-987D-020D27DB0FF8}.Release|x64.ActiveCfg = Release|x64
		{B74735E2-1415-4C29-987D-020D27DB0FF8}.Release|x64.Build.0 = Release|x64
		{B74735E2-1415-4C29-987D-020D27DB0FF8}.Release|x86.ActiveCfg = Release|Win32
		{B74735E2-1415-4C29-987D-020D27DB0FF8}.Release|x86.Build.0 = Release|Win32
		{08FFC04A-3F0F-4BBD-BB75-43E189F4329B}.Debug|x64.ActiveCfg = Debug|x64
		{08FFC04A-3F0F-4BBD-BB75-43E189F4329B}.Debug|x64.Build.0 = Debug|x64
		{08FFC04A-3F0F-4BBD-BB75-43E189F4329B}.Debug|x86.ActiveCfg = Debug|Win32
		{08FFC04A-3F0F-4BBD-BB75-43E189F4329B}.Debug|x86.Build.0 = Debug|Win32
		{08FFC04A-3F0F-4BBD-BB75-43E189F4329B}.Release|x64.ActiveCfg = Release|x64
		{08FFC04A-3F0F-4BBD-BB75-43E189F4329B}.Release|x64.Build.0 = Release|x64
		{08FFC04A-3F0F-4BBD-BB75-43E189F4329B}.Release|x86.ActiveCfg = Release|Win32
		{08FFC04A-3F0F-4BBD-BB75-43E189F4329B}.Release|x86.Build.0 = Release|Win32
		{92266377-E175-4719-8240-57CEBAD02453}.Debug|x64.ActiveCfg = Debug|x64
		{92266377-E175-4719-8240-57CEBAD02453}.Debug|x64.Build.0 = Debug|x64
		{92266377-E175-4719-8240-57CEBAD02453}.Debug|x86.ActiveCfg = Debug|Win32
		{92266377-E175-4719-8240-57CEBAD02453}.Debug|x86.Build.0 = Debug|Win32
		{92266377-E175-4719-8240-57CEBAD02453}.Release|x64.ActiveCfg = Release|x64
		{92266377-E175-4719-8240-57CEBAD02453}.Release|x64.Build.0 = Release|x64
		{92266377-E175-4719-8240-57CEBAD02453}.Release|x86.ActiveCfg = Release|Win32
		{92266377-E175-4719-8240-57CEBAD02453}.Release|x86.Build.0 = Release|Win32
		{29E667BF-FCF2-4E88-A67C-AFD959B0EA54}.Debug|x64.ActiveCfg = Debug|x64
		{29E667BF-FCF2-4E88-A67C-AFD959B0EA54}.Debug|x64.Build.0 = Debug|x64
		{29E667BF-FCF2-4E88-A67C-AFD959B0EA54}.Debug|x86.ActiveCfg = Debug|Win32
		{29E667BF-FCF2-4E88-A67C-AFD959B0EA54}.Debug|x86.Build.0 = Debug|Win32
		{29E667BF-FCF2-4E88-A67C-AFD959B0EA54}.Release|x64.ActiveCfg = Release|x64
		{29E667BF-FCF2-4E88-A67C-AFD959B0EA54}.Release|x64.Build.0 = Release|x64
		{29E667BF-FCF2-4E88-A67C-AFD959B0EA54}.Release|x86.ActiveCfg = Release|Win32
		{29E667BF-FCF2-4E88-A67C-AFD959B0EA54}.Release|x86.Build.0 = Release|Win32
		{A028FC9E-18FC-4858-BF74-9DAB8A16EB40}.Debug|x64.ActiveCfg = Debug|x64
		{A028FC9E-18FC-4858-BF74-9DAB8A16EB40}.Debug|x64.Build.0 = Debug|x64
		{A028FC9E-18FC-4858-BF74-9DAB8A16EB40}.Debug|x86.ActiveCfg = Debug|Win32
		{A028FC9E-18FC-4858-BF74-9DAB8A16EB40}.Debug|x86.Build.0 = Debug|Win32
		{A028FC9E-18FC-4858-BF74-9DAB8A16EB40}.Release|x64.ActiveCfg = Release|x64
		{A028FC9E-18FC-4858-BF74-9DAB8A16EB40}.Release|x64.Build.0 = Release|x64
		{A028FC9E-18FC-4858-BF74-9DAB8A16EB40}.Release|x86.ActiveCfg = Release|Win32
		{A028FC9E-18FC-4858-BF74-9DAB8A16EB40}.Release|x86.Build.0 = Release|Win32
		{994A6E98-EE36-46E3-BF11-7DA488C4B66D}.Debug|x64.ActiveCfg = Debug|x64
		{994A6E98-EE36-46E3-BF11-7DA488C4B66D}.Debug|x64.Build.0 = Debug|x64
		{994A6E98-EE36-46E3-BF11-7DA488C4B66D}.Debug|x86.ActiveCfg = Debug|Win32
		{994A6E98-EE36-46E3-BF11-7DA488C4B66D}.Debug|x86.Build.0 = Debug|Win32
		{994A6E98-EE36-46E3-BF11-7DA488C4B66D}.Release|x64.ActiveCfg = Release|x64
		{994A6E98-EE36-46E3-BF11-7DA488C4B66D}.Release|x64.Build.0 = Release|x64
		{994A6E98-EE36-46E3-BF11-7DA488C4B66D}.Release|x86.ActiveCfg = Release|Win32
		{994A6E98-EE36-46E3-BF11-7DA488C4B66D}.Release|x86.Build.0 = Release|Win32
		{86E586B5-A764-4EAF-8226-92FAA5113976}.Debug|x64.ActiveCfg = Debug|x64
		{86E586B5-A764-4EAF-8226-92FAA5113976}.Debug|x64.Build.0 = Debug|x64
		{86E586B5-A764-4EAF-8226-92FAA5113976}.Debug|x86.ActiveCfg = Debug|Win32
		{86E586B5-A764-4EAF-8226-92FAA5113976}.Debug|x86.Build.0 = Debug|Win32
		{86E586B5-A764-4EAF-8226-92FAA5113976}.Release|x64.ActiveCfg = Release|x64
		{86E586B5-A764-4EAF-8226-92FAA5113976}.Release|x64.Build.0 = Release|x64
		{86E586B5-A764-4EAF-8226-92FAA5113976}.Release|x86.ActiveCfg = Release|Win32
		{86E586B5-A764-4EAF-8226-92FAA5113976}.Release|x86.Build.0 = Release|Win32
		{109DA47A-52FC-4D9E-9FC2-92D826908BC3}.Debug|x64.ActiveCfg = Debug|x64
		{109DA47A-52FC-4D9E-9FC2-92D826908BC3}.Debug|x64.Build.0 = Debug|x64
		{109DA47A-52FC-4D9E-9FC2-92D826908BC3}.Debug|x86.ActiveCfg = Debug|Win32
		{109DA47A-52FC-4D9E-9FC2-92D826908BC3}.Debug|x86.Build.0 = Debug|Win32
		{109DA47A-52FC-4D9E-9FC2-92D826908BC3}.Release|x64.ActiveCfg = Release|x64
		{109DA47A-52FC-4D9E-9FC2-92D826908BC3}.Release|x64.Build.0 = Release|x64
		{109DA47A-52FC-4D9E-9FC2-92D826908BC3}.Release|x86.ActiveCfg = Release|Win32
		{109DA47A-52FC-4D9E-9FC2-92D826908BC3}.Release|x86.Build.0 = Release|Win32
		{5EC69F76-FD37-4F69-997A-D1280A26D1D7}.Debug|x64.ActiveCfg = Debug|x64
		{5EC69F76-FD37-4F69-997A-D1280A26D1D7}.Debug|x64.Build.0 = Debug|x64
		{5EC69F76-FD37-4F69-997A-D1280A26D1D7}.Debug|x86.ActiveCfg = Debug|Win32
		{5EC69F76-FD37-4F69-997A-D1280A26D1D7}.Debug|x86.Build.0 = Debug|Win32
		{5EC69F76-FD37-4F69-997A-D1280A26D1D7}.Release|x64.ActiveCfg = Release|x64
		{5EC69F76-FD37-4F69-997A-D1280A26D1D7}.Release|x64.Build.0 = Release|x64
		{5EC69F76-FD37-4F69-997A-D1280A26D1D7}.Release|x86.ActiveCfg = Release|Win32
		{5EC69F76-FD37-4F69-997A-D1280A26D1D7}.Release|x86.Build.0 = Release|Win32
		{86ED2EE7-FE31-4637-B2AB-689C85EB148D}.Debug|x64.ActiveCfg = Debug|x64
		{86ED2EE7-FE31-4637-B2AB-689C85EB148D}.Debug|x64.Build.0 = Debug|x64
		{86ED2EE7-FE31-4637-B2AB-689C85EB148D}.Debug|x86.ActiveCfg = Debug|Win32
		{86ED2EE7-FE31-4637-B2AB-689C85EB148D}.Debug|x86.Build.0 = Debug|Win32
		{86ED2EE7-FE31-4637-B2AB-689C85EB148D}.Release|x64.ActiveCfg = Release|x64
		{86ED2EE7-FE31-4637-B2AB-689C85EB148D}.Release|x64.Build.0 = Release|x64
		{86ED2EE7-FE31-4637-B2AB-689C85EB148D}.Release|x86.ActiveCfg = Release|Win32
		{86ED2EE7-FE31-4637-B2AB-689C85EB148D}.Release|x86.Build.0 = Release|Win32
		{5D47BBF9-1A69-4C0F-9706-897304CCFB70}.Debug|x64.ActiveCfg = Debug|x64
		{5D47BBF9-1A69-4C0F-9706-897304CCFB70}.Debug|x64.Build.0 = Debug|x64
		{5D47BBF9-1A69-4C0F-9706-897304CCFB70}.Debug|x86.ActiveCfg = Debug|Win32
		{5D47BBF9-1A69-4C0F-9706-897304CCFB70}.Debug|x86.Build.0 = Debug|Win32
		{5D47BBF9-1A69-4C0F-9706-897304CCFB70}.Release|x64.ActiveCfg = Release|x64
		{5D47BBF9-1A69-4C0F-9706-897304CCFB70}.Release|x64.Build.0 = Release|x64
		{5D47BBF9-1A69-4C0F-9706-897304CCFB70}.Release|x86.ActiveCfg = Release|Win32
		{5D47BBF9-1A69-4C0F-9706-897304CCFB70}.Release|x86.Build.0 = Release|Win32
		{16AF85C3-E2DE-4C72-A020-9E6744C0DA15}.Debug|x64.ActiveCfg = Debug|x64
		{16AF85C3-E2DE-4C72-A020-9E6744C0DA15}.Debug|x64.Build.0 = Debug|x64
		{16AF85C3-E2DE-4C72-A020-9E6744C0DA15}.Debug|x86.ActiveCfg = Debug|Win32
		{16AF85C3-E2DE-4C72-A020-9E6744C0DA15}.Debug|x86.Build.0 = Debug|Win32
		{16AF85C3-E2DE-4C72-A020-9E6744C0DA15}.Release|x64.ActiveCfg = Release|x64
		{16AF85C3-E2DE-4C72-A020-9E6744C0DA15}.Release|x64.Build.0 = Release|x64
		{16AF85C3-E2DE-4C72-A020-9E6744C0DA15}.Release|x86.ActiveCfg = Release|Win32
		{16AF85C3-E2DE-4C72-A020-9E6744C0DA15}.Release|x86.Build.0 = Release|Win32
		{71229400-5BCD-4D9D-9CB3-9DCB4EDD1063}.Debug|x64.ActiveCfg = Debug|x64
		{71229400-5BCD-4D9D-9CB3-9DCB4EDD1063}.Debug|x64.Build.0 = Debug|x64
		{71229400-5BCD-4D9D-9CB3-9DCB4EDD1063}.Debug|x86.ActiveCfg = Debug|Win32
		{71229400-5BCD-4D9D-9CB3-9DCB4EDD1063}.Debug|x86.Build.0 = Debug|Win32
		{71229400-5BCD-4D9D-9CB3-9DCB4EDD1063}.Release|x64.ActiveCfg = Release|x64
		{71229400-5BCD-4D9D-9CB3-9DCB4EDD1063}.Release|x64.Build.0 = Release|x64
		{71229400-5BCD-4D9D-9CB3-9DCB4EDD1063}.Release|x86.ActiveCfg = Release|Win32
		{71229400-5BCD-4D9D-9CB3-9DCB4EDD1063}.Release|x86.Build.0 = Release|Win32
		{21AF79D1-5A7F-4F30-A589-703E81386EDD}.Debug|x64.ActiveCfg = Debug|x64
		{21AF79D1-5A7F-4F30-A589-703E81386EDD}.Debug|x64.Build.0 = Debug|x64
		{21AF79D1-5A7F-4F30-A589-703E81386EDD}.Debug|x86.ActiveCfg = Debug|Win32
		{21AF79D1-5A7F-4F30-A589-703E81386EDD}.Debug|x86.Build.0 = Debug|Win32
		{21AF79D1-5A7F-4F30-A589-703E81386EDD}.Release|x64.ActiveCfg = Release|x64
		{21AF79D1-5A7F-4F30-A589-703E81386EDD}.Release|x64.Build.0 = Release|x64
		{21AF79D1-5A7F-4F30-A589-703E81386EDD}.Release|x86.ActiveCfg = Release|Win32
		{21AF79D1-5A7F-4F30-A589-703E81386EDD}.Release|x86.Build.0 = Release|Win32
		{48C114D8-FD4E-49E9-B803-3D67D853D8BE}.Debug|x64.ActiveCfg = Debug|x64
		{48C114D8-FD4E-49E9-B803-3D67D853D8BE}.Debug|x64.Build.0 = Debug|x64
		{48C114D8-FD4E-49E9-B803-3D67D853D8BE}.Debug|x86.ActiveCfg = Debug|Win32
		{48C114D8-FD4E-49E9-B803-3D67D853D8BE}.Debug|x86.Build.0 = Debug|Win32
		{48C114D8-FD4E-49E9-B803-3D67D853D8BE}.Release|x64.ActiveCfg = Release|x64
		{48C114D8-FD4E-49E9-B803-3D67D853D8BE}.Release|x64.Build.0 = Release|x64
		{48C114D8-FD4E-49E9-B803-3D67D853D8BE}.Release|x86.ActiveCfg = Release|Win32
		{48C114D8-FD4E-49E9-B803-3D67D853D8BE}.Release|x86.Build.0 = Release|Win32
		{E1E98C12-794F-489C-BAC5-FB8849FD7624}.Debug|x64.ActiveCfg = Debug|x64
		{E1E98C12-794F-489C-BAC5-FB8849FD7624}.Debug|x64.Build.0 = Debug|x64
		{E1E98C12-794F-489C-BAC5-FB8849FD7624}.Debug|x86.ActiveCfg = Debug|Win32
		{E1E98C12-794F-489C-BAC5-FB8849FD7624}.Debug|x86.Build.0 = Debug|Win32
		{E1E98C12-794F-489C-BAC5-FB8849FD7624}.Release|x64.ActiveCfg = Release|x64
		{E1E98C12-794F-489C-BAC5-FB8849FD7624}.Release|x64.Build.0 = Release|x64
		{E1E98C12-794F-489C-BAC5-FB8849FD7624}.Release|x86.ActiveCfg = Release|Win32
		{E1E98C12-794F-489C-BAC5-FB8849FD7624}.Release|x86.Build.0 = Release|Win32
	EndGlobalSection
	GlobalSection(SolutionProperties) = preSolution
		HideSolutionNode = FALSE
	EndGlobalSection
	GlobalSection(NestedProjects) = preSolution
		{9AD186D2-C8BF-4223-A950-6868D0A9C1FB} = {E314964B-B93E-406C-88B7-0058A1CD0AD2}
		{57CE638B-D3A3-4C48-8258-1A99B6E16245} = {3441E660-B245-454C-8C10-2C49922C173F}
		{0BE31005-D134-46E4-A8C7-221103B56C51} = {DE4DDB7D-3A73-4E39-B29E-38B425A69846}
		{B3B2CF80-8320-4FD2-85AA-1A731F405B80} = {DE4DDB7D-3A73-4E39-B29E-38B425A69846}
		{3B4CDE89-CCAB-4A8B-8FE1-59143350BE69} = {DE4DDB7D-3A73-4E39-B29E-38B425A69846}
		{010B84B8-DECF-4A2E-9FCA-1657928B57B9} = {DE4DDB7D-3A73-4E39-B29E-38B425A69846}
		{321FAD09-1BD6-4287-8202-9CB31174A4DF} = {DE4DDB7D-3A73-4E39-B29E-38B425A69846}
		{A664C2DD-FC79-43F3-A1BA-9BF63198D381} = {A7171425-6D13-44EC-9BF1-5BD6088A3D8B}
		{F6FB8667-9A06-4D53-A77E-7D9B1D1A41A9} = {E224AB14-40E3-4CEB-A6D4-C0E1D3DAE103}
		{DCB7A95C-C910-42F2-B1A4-4F638600DF46} = {DE4DDB7D-3A73-4E39-B29E-38B425A69846}
		{9ED27062-08B3-4DDB-8044-A2A5562EEEC2} = {DE4DDB7D-3A73-4E39-B29E-38B425A69846}
		{F65F1797-81D5-4AA4-BAEA-99F854D0E77F} = {DE4DDB7D-3A73-4E39-B29E-38B425A69846}
		{C260872D-054E-4FEB-9DB9-D8EBDF0C54D0} = {DE4DDB7D-3A73-4E39-B29E-38B425A69846}
		{C4DAD180-984C-49E0-8E30-1D9506560718} = {DE4DDB7D-3A73-4E39-B29E-38B425A69846}
		{B39B359C-E7C9-4C4D-8BCB-66A37DA9F723} = {3441E660-B245-454C-8C10-2C49922C173F}
		{88897917-A241-4FC9-B469-C23D9269450C} = {A7171425-6D13-44EC-9BF1-5BD6088A3D8B}
		{39D8F580-1742-4C0B-8804-4BF47E6A8C4A} = {3441E660-B245-454C-8C10-2C49922C173F}
		{54373289-7EFB-45EB-BA93-F5F634E26F58} = {3441E660-B245-454C-8C10-2C49922C173F}
		{64722784-6C9F-4087-BACC-1B755CC864E0} = {3441E660-B245-454C-8C10-2C49922C173F}
		{B74735E2-1415-4C29-987D-020D27DB0FF8} = {3441E660-B245-454C-8C10-2C49922C173F}
		{08FFC04A-3F0F-4BBD-BB75-43E189F4329B} = {3441E660-B245-454C-8C10-2C49922C173F}
		{92266377-E175-4719-8240-57CEBAD02453} = {3441E660-B245-454C-8C10-2C49922C173F}
		{29E667BF-FCF2-4E88-A67C-AFD959B0EA54} = {3441E660-B245-454C-8C10-2C49922C173F}
		{A028FC9E-18FC-4858-BF74-9DAB8A16EB40} = {E224AB14-40E3-4CEB-A6D4-C0E1D3DAE103}
		{994A6E98-EE36-46E3-BF11-7DA488C4B66D} = {A884D726-69BD-46FD-82B5-B1F6195B43E6}
		{86E586B5-A764-4EAF-8226-92FAA5113976} = {A884D726-69BD-46FD-82B5-B1F6195B43E6}
		{109DA47A-52FC-4D9E-9FC2-92D826908BC3} = {A884D726-69BD-46FD-82B5-B1F6195B43E6}
		{5EC69F76-FD37-4F69-997A-D1280A26D1D7} = {A884D726-69BD-46FD-82B5-B1F6195B43E6}
		{86ED2EE7-FE31-4637-B2AB-689C85EB148D} = {A884D726-69BD-46FD-82B5-B1F6195B43E6}
		{5D47BBF9-1A69-4C0F-9706-897304CCFB70} = {A884D726-69BD-46FD-82B5-B1F6195B43E6}
		{16AF85C3-E2DE-4C72-A020-9E6744C0DA15} = {C8DE243D-EB83-490E-BFCF-B9DFC054677B}
		{71229400-5BCD-4D9D-9CB3-9DCB4EDD1063} = {B9AC274D-7BA4-4225-83EF-A434F5CCE030}
		{21AF79D1-5A7F-4F30-A589-703E81386EDD} = {DE4DDB7D-3A73-4E39-B29E-38B425A69846}
		{48C114D8-FD4E-49E9-B803-3D67D853D8BE} = {DE4DDB7D-3A73-4E39-B29E-38B425A69846}
		{E1E98C12-794F-489C-BAC5-FB8849FD7624} = {DE4DDB7D-3A73-4E39-B29E-38B425A69846}
	EndGlobalSection
	GlobalSection(ExtensibilityGlobals) = postSolution
		SolutionGuid = {C268B8F3-3579-487E-852E-000EEF225BF5}
	EndGlobalSection
EndGlobal
